
Microsoft Visual Studio Solution File, Format Version 12.00
# Visual Studio Version 17
VisualStudioVersion = 17.3.32922.545
MinimumVisualStudioVersion = 10.0.40219.1
Project("{FAE04EC0-301F-11D3-BF4B-00C04F79EFBC}") = "ProductProcet", "ProductProcet\ProductProcet.csproj", "{B9EDDE2D-01A3-46F6-9312-C31E16887C78}"
EndProject
Project("{FAE04EC0-301F-11D3-BF4B-00C04F79EFBC}") = "ProductProjectEF", "ProductProjectEF\ProductProjectEF.csproj", "{2A1186D6-3106-41E0-B970-932D09E063F2}"
EndProject
Global
	GlobalSection(SolutionConfigurationPlatforms) = preSolution
		Debug|Any CPU = Debug|Any CPU
		Release|Any CPU = Release|Any CPU
	EndGlobalSection
	GlobalSection(ProjectConfigurationPlatforms) = postSolution
		{B9EDDE2D-01A3-46F6-9312-C31E16887C78}.Debug|Any CPU.ActiveCfg = Debug|Any CPU
		{B9EDDE2D-01A3-46F6-9312-C31E16887C78}.Debug|Any CPU.Build.0 = Debug|Any CPU
		{B9EDDE2D-01A3-46F6-9312-C31E16887C78}.Release|Any CPU.ActiveCfg = Release|Any CPU
		{B9EDDE2D-01A3-46F6-9312-C31E16887C78}.Release|Any CPU.Build.0 = Release|Any CPU
		{2A1186D6-3106-41E0-B970-932D09E063F2}.Debug|Any CPU.ActiveCfg = Debug|Any CPU
		{2A1186D6-3106-41E0-B970-932D09E063F2}.Debug|Any CPU.Build.0 = Debug|Any CPU
		{2A1186D6-3106-41E0-B970-932D09E063F2}.Release|Any CPU.ActiveCfg = Release|Any CPU
		{2A1186D6-3106-41E0-B970-932D09E063F2}.Release|Any CPU.Build.0 = Release|Any CPU
	EndGlobalSection
	GlobalSection(SolutionProperties) = preSolution
		HideSolutionNode = FALSE
	EndGlobalSection
	GlobalSection(ExtensibilityGlobals) = postSolution
		SolutionGuid = {DEED83AA-AF46-4CCB-970D-621486BCE933}
	EndGlobalSection
EndGlobal
